# THIS IS AN AUTOGENERATED FILE. DO NOT EDIT THIS FILE DIRECTLY.
# yarn lockfile v1


"@near-snap/sdk@^0.2.1":
  version "0.2.1"
  resolved "https://registry.yarnpkg.com/@near-snap/sdk/-/sdk-0.2.1.tgz#402fb92b2ae9f27b4ef6ea104fb1888218adf9d9"
  integrity sha512-/cE7Pptv00oDg+RJ+WgZSOLOAsMQ+lC7aUisghga6gBAlxkT0boYvwHG+GP+XNjzBX2g4oXMcRWdg3TuYwHklQ==
  dependencies:
    "@near-wallet-selector/core" "^8.2.0"

"@near-wallet-selector/core@^8.2.0":
  version "8.2.0"
  resolved "https://registry.yarnpkg.com/@near-wallet-selector/core/-/core-8.2.0.tgz#5be2f5e371d84bba99edfcef2b056c03fc99d0c7"
  integrity sha512-IHIGfT2Ce7CI5z9srC4tQkhHw/2acAIrZWIcTWLbfzN9u6eWB143hLxTe3eTD1hUVeJBXVxfZR+Ano9nKKBypw==
  dependencies:
    events "3.3.0"
    rxjs "7.8.1"

events@3.3.0:
  version "3.3.0"
  resolved "https://registry.yarnpkg.com/events/-/events-3.3.0.tgz#31a95ad0a924e2d2c419a813aeb2c4e878ea7400"
  integrity sha512-mQw+2fkQbALzQ7V0MY0IqdnXNOeTtP4r0lN9z7AAawCXgqea7bDii20AYrIBrFd/Hx0M2Ocz6S111CaFkUcb0Q==

rxjs@7.8.1:
  version "7.8.1"
  resolved "https://registry.yarnpkg.com/rxjs/-/rxjs-7.8.1.tgz#6f6f3d99ea8044291efd92e7c7fcf562c4057543"
  integrity sha512-AA3TVj+0A2iuIoQkWEK/tqFjBq2j+6PO6Y0zJcvzLAFhEFIO3HL0vls9hWLncZbAAbK0mar7oZ4V079I/qPMxg==
  dependencies:
    tslib "^2.1.0"

tslib@^2.1.0:
  version "2.6.0"
  resolved "https://registry.yarnpkg.com/tslib/-/tslib-2.6.0.tgz#b295854684dbda164e181d259a22cd779dcd7bc3"
  integrity sha512-7At1WUettjcSRHXCyYtTselblcHl9PJFFVKiCAy/bY97+BPZXSQ2wbq0P9s8tK2G7dFQfNnlJnPAiArVBVBsfA==
